
Microsoft Visual Studio Solution File, Format Version 12.00
# Visual Studio Version 17
VisualStudioVersion = 17.0.31919.166
MinimumVisualStudioVersion = 10.0.40219.1
Project("{FAE04EC0-301F-11D3-BF4B-00C04F79EFBC}") = "CGALDotNetGeometry", "CGALDotNetGeometry\CGALDotNetGeometry.csproj", "{FD219A97-B77F-4360-91A3-7D9DC20C3B51}"
EndProject
Project("{2150E333-8FDC-42A3-9474-1A3956D46DE8}") = "Solution Items", "Solution Items", "{16FFB5F7-34DF-44D3-936E-338CA8507CB0}"
	ProjectSection(SolutionItems) = preProject
		.editorconfig = .editorconfig
	EndProjectSection
EndProject
Global
	GlobalSection(SolutionConfigurationPlatforms) = preSolution
		Debug|Any CPU = Debug|Any CPU
		Release|Any CPU = Release|Any CPU
	EndGlobalSection
	GlobalSection(ProjectConfigurationPlatforms) = postSolution
		{FD219A97-B77F-4360-91A3-7D9DC20C3B51}.Debug|Any CPU.ActiveCfg = Debug|Any CPU
		{FD219A97-B77F-4360-91A3-7D9DC20C3B51}.Debug|Any CPU.Build.0 = Debug|Any CPU
		{FD219A97-B77F-4360-91A3-7D9DC20C3B51}.Release|Any CPU.ActiveCfg = Release|Any CPU
		{FD219A97-B77F-4360-91A3-7D9DC20C3B51}.Release|Any CPU.Build.0 = Release|Any CPU
	EndGlobalSection
	GlobalSection(SolutionProperties) = preSolution
		HideSolutionNode = FALSE
	EndGlobalSection
	GlobalSection(ExtensibilityGlobals) = postSolution
		SolutionGuid = {EB1FEFBF-626D-4B1F-89A1-FBF43326C286}
	EndGlobalSection
EndGlobal
